
Microsoft Visual Studio Solution File, Format Version 12.00
# Visual Studio Version 17
VisualStudioVersion = 17.6.33829.357
MinimumVisualStudioVersion = 10.0.40219.1
Project("{9A19103F-16F7-4668-BE54-9A1E7A4F7556}") = "NFCWebBlazor", "NFCWebBlazor\NFCWebBlazor.csproj", "{F41E62AF-2844-4AC6-9797-A755974BFEEC}"
EndProject
Project("{9A19103F-16F7-4668-BE54-9A1E7A4F7556}") = "NFCWebBlazor.Server", "NFCWebBlazor.Server\NFCWebBlazor.Server.csproj", "{17A94F71-C24D-4C51-B100-0F273253370C}"
	ProjectSection(ProjectDependencies) = postProject
		{F41E62AF-2844-4AC6-9797-A755974BFEEC} = {F41E62AF-2844-4AC6-9797-A755974BFEEC}
	EndProjectSection
EndProject
Global
	GlobalSection(SolutionConfigurationPlatforms) = preSolution
		Debug|Any CPU = Debug|Any CPU
		Release|Any CPU = Release|Any CPU
	EndGlobalSection
	GlobalSection(ProjectConfigurationPlatforms) = postSolution
		{F41E62AF-2844-4AC6-9797-A755974BFEEC}.Debug|Any CPU.ActiveCfg = Debug|Any CPU
		{F41E62AF-2844-4AC6-9797-A755974BFEEC}.Debug|Any CPU.Build.0 = Debug|Any CPU
		{F41E62AF-2844-4AC6-9797-A755974BFEEC}.Release|Any CPU.ActiveCfg = Release|Any CPU
		{F41E62AF-2844-4AC6-9797-A755974BFEEC}.Release|Any CPU.Build.0 = Release|Any CPU
		{17A94F71-C24D-4C51-B100-0F273253370C}.Debug|Any CPU.ActiveCfg = Debug|Any CPU
		{17A94F71-C24D-4C51-B100-0F273253370C}.Debug|Any CPU.Build.0 = Debug|Any CPU
		{17A94F71-C24D-4C51-B100-0F273253370C}.Release|Any CPU.ActiveCfg = Release|Any CPU
		{17A94F71-C24D-4C51-B100-0F273253370C}.Release|Any CPU.Build.0 = Release|Any CPU
	EndGlobalSection
	GlobalSection(SolutionProperties) = preSolution
		HideSolutionNode = FALSE
	EndGlobalSection
	GlobalSection(ExtensibilityGlobals) = postSolution
		SolutionGuid = {BE450197-5A5E-4F22-9A7A-F501703E748F}
	EndGlobalSection
EndGlobal
